
Microsoft Visual Studio Solution File, Format Version 12.00
Project("{2150E333-8FDC-42A3-9474-1A3956D46DE8}") = "src", "src", "{52020093-5E86-4E3C-90A5-2809A6DDBA46}"
EndProject
Project("{2150E333-8FDC-42A3-9474-1A3956D46DE8}") = "BackEnd", "BackEnd", "{EC341401-FF89-4F92-B9C9-38DDC5465646}"
EndProject
Project("{2150E333-8FDC-42A3-9474-1A3956D46DE8}") = "Shared", "Shared", "{15C0C631-D8F1-43A7-A422-0477189C441D}"
EndProject
Project("{FAE04EC0-301F-11D3-BF4B-00C04F79EFBC}") = "NvsFood.API", "src\BackEnd\NvsFood.API\NvsFood.API.csproj", "{CDB65123-A983-417F-9EB5-33502AF9C3A4}"
EndProject
Project("{FAE04EC0-301F-11D3-BF4B-00C04F79EFBC}") = "NvsFood.Application", "src\BackEnd\NvsFood.Application\NvsFood.Application.csproj", "{1EF670BD-07BB-4CE5-8C54-421E6F7F9C4E}"
EndProject
Project("{FAE04EC0-301F-11D3-BF4B-00C04F79EFBC}") = "NvsFood.Domain", "src\BackEnd\NvsFood.Domain\NvsFood.Domain.csproj", "{6690916E-E9F7-4FF0-9CC0-1F3B40D973CF}"
EndProject
Project("{FAE04EC0-301F-11D3-BF4B-00C04F79EFBC}") = "NvsFood.Infrastructure", "src\BackEnd\NvsFood.Infrastructure\NvsFood.Infrastructure.csproj", "{42BDA686-B5DC-433F-B425-AE0B3C8E288D}"
EndProject
Project("{FAE04EC0-301F-11D3-BF4B-00C04F79EFBC}") = "NvsFood.Exceptions", "src\Shared\NvsFood.Exceptions\NvsFood.Exceptions.csproj", "{C2EF2B7F-9ADC-4398-BE20-3CBBC0A82289}"
EndProject
Project("{FAE04EC0-301F-11D3-BF4B-00C04F79EFBC}") = "NvsFood.Communications", "src\Shared\NvsFood.Communications\NvsFood.Communications.csproj", "{DAFEF88B-2405-4AEA-A477-86F7FC719C5C}"
EndProject
Global
	GlobalSection(SolutionConfigurationPlatforms) = preSolution
		Debug|Any CPU = Debug|Any CPU
		Release|Any CPU = Release|Any CPU
	EndGlobalSection
	GlobalSection(NestedProjects) = preSolution
		{EC341401-FF89-4F92-B9C9-38DDC5465646} = {52020093-5E86-4E3C-90A5-2809A6DDBA46}
		{15C0C631-D8F1-43A7-A422-0477189C441D} = {52020093-5E86-4E3C-90A5-2809A6DDBA46}
		{CDB65123-A983-417F-9EB5-33502AF9C3A4} = {EC341401-FF89-4F92-B9C9-38DDC5465646}
		{1EF670BD-07BB-4CE5-8C54-421E6F7F9C4E} = {EC341401-FF89-4F92-B9C9-38DDC5465646}
		{6690916E-E9F7-4FF0-9CC0-1F3B40D973CF} = {EC341401-FF89-4F92-B9C9-38DDC5465646}
		{42BDA686-B5DC-433F-B425-AE0B3C8E288D} = {EC341401-FF89-4F92-B9C9-38DDC5465646}
		{C2EF2B7F-9ADC-4398-BE20-3CBBC0A82289} = {15C0C631-D8F1-43A7-A422-0477189C441D}
		{DAFEF88B-2405-4AEA-A477-86F7FC719C5C} = {15C0C631-D8F1-43A7-A422-0477189C441D}
	EndGlobalSection
	GlobalSection(ProjectConfigurationPlatforms) = postSolution
		{CDB65123-A983-417F-9EB5-33502AF9C3A4}.Debug|Any CPU.ActiveCfg = Debug|Any CPU
		{CDB65123-A983-417F-9EB5-33502AF9C3A4}.Debug|Any CPU.Build.0 = Debug|Any CPU
		{CDB65123-A983-417F-9EB5-33502AF9C3A4}.Release|Any CPU.ActiveCfg = Release|Any CPU
		{CDB65123-A983-417F-9EB5-33502AF9C3A4}.Release|Any CPU.Build.0 = Release|Any CPU
		{1EF670BD-07BB-4CE5-8C54-421E6F7F9C4E}.Debug|Any CPU.ActiveCfg = Debug|Any CPU
		{1EF670BD-07BB-4CE5-8C54-421E6F7F9C4E}.Debug|Any CPU.Build.0 = Debug|Any CPU
		{1EF670BD-07BB-4CE5-8C54-421E6F7F9C4E}.Release|Any CPU.ActiveCfg = Release|Any CPU
		{1EF670BD-07BB-4CE5-8C54-421E6F7F9C4E}.Release|Any CPU.Build.0 = Release|Any CPU
		{6690916E-E9F7-4FF0-9CC0-1F3B40D973CF}.Debug|Any CPU.ActiveCfg = Debug|Any CPU
		{6690916E-E9F7-4FF0-9CC0-1F3B40D973CF}.Debug|Any CPU.Build.0 = Debug|Any CPU
		{6690916E-E9F7-4FF0-9CC0-1F3B40D973CF}.Release|Any CPU.ActiveCfg = Release|Any CPU
		{6690916E-E9F7-4FF0-9CC0-1F3B40D973CF}.Release|Any CPU.Build.0 = Release|Any CPU
		{42BDA686-B5DC-433F-B425-AE0B3C8E288D}.Debug|Any CPU.ActiveCfg = Debug|Any CPU
		{42BDA686-B5DC-433F-B425-AE0B3C8E288D}.Debug|Any CPU.Build.0 = Debug|Any CPU
		{42BDA686-B5DC-433F-B425-AE0B3C8E288D}.Release|Any CPU.ActiveCfg = Release|Any CPU
		{42BDA686-B5DC-433F-B425-AE0B3C8E288D}.Release|Any CPU.Build.0 = Release|Any CPU
		{C2EF2B7F-9ADC-4398-BE20-3CBBC0A82289}.Debug|Any CPU.ActiveCfg = Debug|Any CPU
		{C2EF2B7F-9ADC-4398-BE20-3CBBC0A82289}.Debug|Any CPU.Build.0 = Debug|Any CPU
		{C2EF2B7F-9ADC-4398-BE20-3CBBC0A82289}.Release|Any CPU.ActiveCfg = Release|Any CPU
		{C2EF2B7F-9ADC-4398-BE20-3CBBC0A82289}.Release|Any CPU.Build.0 = Release|Any CPU
		{DAFEF88B-2405-4AEA-A477-86F7FC719C5C}.Debug|Any CPU.ActiveCfg = Debug|Any CPU
		{DAFEF88B-2405-4AEA-A477-86F7FC719C5C}.Debug|Any CPU.Build.0 = Debug|Any CPU
		{DAFEF88B-2405-4AEA-A477-86F7FC719C5C}.Release|Any CPU.ActiveCfg = Release|Any CPU
		{DAFEF88B-2405-4AEA-A477-86F7FC719C5C}.Release|Any CPU.Build.0 = Release|Any CPU
	EndGlobalSection
EndGlobal
